
Microsoft Visual Studio Solution File, Format Version 12.00
# Visual Studio Version 16
VisualStudioVersion = 16.0.30002.166
MinimumVisualStudioVersion = 10.0.40219.1
Project("{FAE04EC0-301F-11D3-BF4B-00C04F79EFBC}") = "e-CommerceMVC", "e-CommerceMVC\e-CommerceMVC.csproj", "{7B472FA1-35F7-4B5C-B42C-D8AF9CB1E543}"
EndProject
Global
	GlobalSection(SolutionConfigurationPlatforms) = preSolution
		Debug|Any CPU = Debug|Any CPU
		Release|Any CPU = Release|Any CPU
	EndGlobalSection
	GlobalSection(ProjectConfigurationPlatforms) = postSolution
		{7B472FA1-35F7-4B5C-B42C-D8AF9CB1E543}.Debug|Any CPU.ActiveCfg = Debug|Any CPU
		{7B472FA1-35F7-4B5C-B42C-D8AF9CB1E543}.Debug|Any CPU.Build.0 = Debug|Any CPU
		{7B472FA1-35F7-4B5C-B42C-D8AF9CB1E543}.Release|Any CPU.ActiveCfg = Release|Any CPU
		{7B472FA1-35F7-4B5C-B42C-D8AF9CB1E543}.Release|Any CPU.Build.0 = Release|Any CPU
	EndGlobalSection
	GlobalSection(SolutionProperties) = preSolution
		HideSolutionNode = FALSE
	EndGlobalSection
	GlobalSection(ExtensibilityGlobals) = postSolution
		SolutionGuid = {9D7D0ADD-5153-4909-A13E-E252D59239EE}
	EndGlobalSection
EndGlobal
